{
  "originHash" : "3614fd00d9e4ae1f439ad1c4bf652aa335f298a33f714e8db7d75e745958c262",
  "pins" : [
    {
      "identity" : "salesiq-mobilisten-ios-sp",
      "kind" : "remoteSourceControl",
      "location" : "https://github.com/zoho/SalesIQ-Mobilisten-iOS-SP.git",
      "state" : {
        "revision" : "875b6a4c3d8711806a249cc85b3f02831b9c541a",
        "version" : "10.2.0"
      }
    }
  ],
  "version" : 3
}
